
Microsoft Visual Studio Solution File, Format Version 12.00
# Visual Studio Version 17
VisualStudioVersion = 17.14.36109.1
MinimumVisualStudioVersion = 10.0.40219.1
Project("{2150E333-8FDC-42A3-9474-1A3956D46DE8}") = "0.Source", "0.Source", "{02EA681E-C7D8-13C7-8484-4AC65E1B71E8}"
EndProject
Project("{2150E333-8FDC-42A3-9474-1A3956D46DE8}") = "1.Commons", "1.Commons", "{CF0D70D7-455B-43F3-B316-3CE0FD68EA1D}"
EndProject
Project("{2150E333-8FDC-42A3-9474-1A3956D46DE8}") = "2.Presentation Layer", "2.Presentation Layer", "{27578C02-D55E-47F3-BF79-8A657F875FE3}"
EndProject
Project("{2150E333-8FDC-42A3-9474-1A3956D46DE8}") = "3.MicroServices", "3.MicroServices", "{AEF9E4E6-70F7-43A1-8EE2-EA4D093EDFA6}"
EndProject
Project("{2150E333-8FDC-42A3-9474-1A3956D46DE8}") = "4.Test", "4.Test", "{46D4ECA2-3F57-4B1B-A4E4-01CB31C3AE4E}"
EndProject
Project("{FAE04EC0-301F-11D3-BF4B-00C04F79EFBC}") = "PureFood.GrpcServer", "PureFood.GrpcServer\PureFood.GrpcServer.csproj", "{66AFAFE4-84B0-41C9-B1C6-4EE854D6759D}"
EndProject
Project("{FAE04EC0-301F-11D3-BF4B-00C04F79EFBC}") = "PureFood.GrpcClient", "PureFood.GrpcClient\PureFood.GrpcClient.csproj", "{DEA4FA8B-05B0-47EC-B6F6-B42B612CABA9}"
EndProject
Project("{FAE04EC0-301F-11D3-BF4B-00C04F79EFBC}") = "PureFood.Config", "PureFood.Config\PureFood.Config.csproj", "{F7409719-311E-47BB-A3D1-EB75C6FFA6A5}"
EndProject
Project("{FAE04EC0-301F-11D3-BF4B-00C04F79EFBC}") = "PureFood.Common", "PureFood.Common\PureFood.Common.csproj", "{A2895326-9723-44D0-9EF8-B5EDBB8A28B4}"
EndProject
Project("{FAE04EC0-301F-11D3-BF4B-00C04F79EFBC}") = "PureFood.EnumDefine", "PureFood.EnumDefine\PureFood.EnumDefine.csproj", "{CCF78FFB-9FE6-4C4D-9810-B8B66F798616}"
EndProject
Project("{FAE04EC0-301F-11D3-BF4B-00C04F79EFBC}") = "PureFood.HttpClientBase", "PureFood.HttpClientBase\PureFood.HttpClientBase.csproj", "{8C1AFCE8-25F6-42D1-9983-0E4D3069B019}"
EndProject
Project("{FAE04EC0-301F-11D3-BF4B-00C04F79EFBC}") = "PureFood.GoogleService", "PureFood.GoogleService\PureFood.GoogleService.csproj", "{AB3BAA3E-91BB-4BD7-B708-7791DEFC0441}"
EndProject
Project("{FAE04EC0-301F-11D3-BF4B-00C04F79EFBC}") = "PureFood.Cache", "PureFood.Cache\PureFood.Cache.csproj", "{B853CCC7-F287-4162-BF62-CCD47AC64B2B}"
EndProject
Project("{FAE04EC0-301F-11D3-BF4B-00C04F79EFBC}") = "PureFood.ESRepositories", "PureFood.ESRepositories\PureFood.ESRepositories.csproj", "{0AF6DC24-3CE8-4924-B3FA-5E5593833B44}"
EndProject
Project("{FAE04EC0-301F-11D3-BF4B-00C04F79EFBC}") = "PureFood.EventBus", "PureFood.EventBus\PureFood.EventBus.csproj", "{921A9BD3-7090-48FD-948D-1C0DE7C5F151}"
EndProject
Project("{FAE04EC0-301F-11D3-BF4B-00C04F79EFBC}") = "PureFood.BaseEvents", "PureFood.BaseEvents\PureFood.BaseEvents.csproj", "{490A3ECC-9F63-4994-B587-F72D49DB1320}"
EndProject
Project("{FAE04EC0-301F-11D3-BF4B-00C04F79EFBC}") = "PureFood.BaseCommands", "PureFood.BaseCommands\PureFood.BaseCommands.csproj", "{01FD358B-0444-4D22-95B8-0DC56C683309}"
EndProject
Project("{FAE04EC0-301F-11D3-BF4B-00C04F79EFBC}") = "PureFood.BaseDomains", "PureFood.BaseDomain\PureFood.BaseDomains.csproj", "{B52BF6CC-CBEA-485F-8FD9-4AF960217376}"
EndProject
Project("{FAE04EC0-301F-11D3-BF4B-00C04F79EFBC}") = "PureFood.BaseReadModels", "PureFood.BaseReadModels\PureFood.BaseReadModels.csproj", "{EF794CF8-0287-4377-B361-1F2535C765BA}"
EndProject
Project("{FAE04EC0-301F-11D3-BF4B-00C04F79EFBC}") = "PureFood.BaseMongoDbRepositories", "PureFood.BaseMongoDbRepositories\PureFood.BaseMongoDbRepositories.csproj", "{57F47115-C1FA-404E-B024-1F1AB32E321B}"
EndProject
Project("{FAE04EC0-301F-11D3-BF4B-00C04F79EFBC}") = "PureFood.BaseRepositories", "PureFood.BaseRepositories\PureFood.BaseRepositories.csproj", "{8CAC04C5-CEA5-42E0-BF16-50CCB1B4ED87}"
EndProject
Project("{FAE04EC0-301F-11D3-BF4B-00C04F79EFBC}") = "PureFood.MicrosoftServices", "PureFood.MicrosoftServices\PureFood.MicrosoftServices.csproj", "{C74A81CF-BE78-439A-B3B8-AE889364667C}"
EndProject
Project("{FAE04EC0-301F-11D3-BF4B-00C04F79EFBC}") = "PureFood.ZaloServices", "PureFood.ZaloServices\PureFood.ZaloServices.csproj", "{AC12D7CF-E121-4CC7-A76E-42ADF27E88E1}"
EndProject
Project("{FAE04EC0-301F-11D3-BF4B-00C04F79EFBC}") = "PureFood.Models.Shared", "PureFood.Models.Shared\PureFood.Models.Shared.csproj", "{368712BD-DCEB-49DB-ADDD-C96D4FB9A574}"
EndProject
Project("{FAE04EC0-301F-11D3-BF4B-00C04F79EFBC}") = "PureFood.AppleServices", "PureFood.AppleServices\PureFood.AppleServices.csproj", "{DF209CB8-CE77-4D43-A0EC-15FC8E7CE6DC}"
EndProject
Project("{2150E333-8FDC-42A3-9474-1A3956D46DE8}") = "BaseApplication", "BaseApplication", "{8098378A-5B49-4A19-A0AD-86DFBB98C0E5}"
EndProject
Project("{FAE04EC0-301F-11D3-BF4B-00C04F79EFBC}") = "PureFood.BaseApplication", "PureFood.BaseApplication\PureFood.BaseApplication.csproj", "{3222C02E-20A1-4CEE-B06D-F560190C7C5B}"
EndProject
Project("{FAE04EC0-301F-11D3-BF4B-00C04F79EFBC}") = "PureFood.BaseApplication.Api", "PureFood.BaseApplication.Api\PureFood.BaseApplication.Api.csproj", "{854F8503-EC15-4340-A56E-4BCCFC42F90A}"
EndProject
Project("{FAE04EC0-301F-11D3-BF4B-00C04F79EFBC}") = "PureFood.BaseApplication.Web", "PureFood.BaseApplication.Web\PureFood.BaseApplication.Web.csproj", "{8F124821-8422-4510-9FA1-E056316C85D6}"
EndProject
Project("{2150E333-8FDC-42A3-9474-1A3956D46DE8}") = "Customer", "Customer", "{531A943C-3CAD-4A59-96EB-88AE075A8FEB}"
EndProject
Project("{2150E333-8FDC-42A3-9474-1A3956D46DE8}") = "Admin", "Admin", "{E63A74AD-2097-4E02-B508-D4C2305DBE8A}"
EndProject
Project("{2150E333-8FDC-42A3-9474-1A3956D46DE8}") = "File", "File", "{65141E4A-6A1B-4738-B382-56F7A0F81D5F}"
EndProject
Project("{FAE04EC0-301F-11D3-BF4B-00C04F79EFBC}") = "PureFood.ServiceCMS", "PureFood.ServiceCMS\PureFood.ServiceCMS.csproj", "{85FC564A-E467-4361-9856-07C2EF639124}"
EndProject
Project("{FAE04EC0-301F-11D3-BF4B-00C04F79EFBC}") = "PureFood.ServiceCMS.Shared", "PureFood.ServiceCMS.Shared\PureFood.ServiceCMS.Shared.csproj", "{A53C3ABA-4AA4-49F0-B873-B1B24D5A8DE5}"
EndProject
Project("{FAE04EC0-301F-11D3-BF4B-00C04F79EFBC}") = "PureFood.CustomerApi", "PureFood.CustomerApi\PureFood.CustomerApi.csproj", "{3F6074CF-97B4-44DA-9B9D-378A846B611C}"
EndProject
Project("{FAE04EC0-301F-11D3-BF4B-00C04F79EFBC}") = "PureFood.FileUpload", "PureFood.FileUpload\PureFood.FileUpload.csproj", "{A2F68E30-662B-4AE9-AC5E-632ACDDE6C12}"
EndProject
Project("{2150E333-8FDC-42A3-9474-1A3956D46DE8}") = "01.AccountManager", "01.AccountManager", "{C2F0B2BF-10AB-4645-8547-1CE01F1E4809}"
EndProject
Project("{2150E333-8FDC-42A3-9474-1A3956D46DE8}") = "1.Presentation Layer", "1.Presentation Layer", "{DD0A59F6-8281-42D6-AE7D-6E19F892B752}"
EndProject
Project("{2150E333-8FDC-42A3-9474-1A3956D46DE8}") = "2.Domain Layer", "2.Domain Layer", "{B1E02AD6-63A6-4564-AB99-642CE910F101}"
EndProject
Project("{2150E333-8FDC-42A3-9474-1A3956D46DE8}") = "3.Data Layer", "3.Data Layer", "{99B94CE0-63A2-41D2-AF94-4E3039E82EAB}"
EndProject
Project("{FAE04EC0-301F-11D3-BF4B-00C04F79EFBC}") = "PureFood.AccountCommands", "PureFood.AccountCommands\PureFood.AccountCommands.csproj", "{29778232-DD26-49BF-A722-612180EFC87F}"
EndProject
Project("{FAE04EC0-301F-11D3-BF4B-00C04F79EFBC}") = "PureFood.AccountDomains", "PureFood.AccountDomains\PureFood.AccountDomains.csproj", "{4467F291-CCFD-4F56-83D9-F406B236D01F}"
EndProject
Project("{FAE04EC0-301F-11D3-BF4B-00C04F79EFBC}") = "PureFood.AccountReadModels", "PureFood.AccountReadModels\PureFood.AccountReadModels.csproj", "{0731506D-4018-4E5E-B470-B53B5E6EFF2E}"
EndProject
Project("{FAE04EC0-301F-11D3-BF4B-00C04F79EFBC}") = "PureFood.AccountRepository", "PureFood.AccountRepository\PureFood.AccountRepository.csproj", "{ED7C151A-5944-4DFF-92CE-A786CB153B6D}"
EndProject
Project("{FAE04EC0-301F-11D3-BF4B-00C04F79EFBC}") = "PureFood.AccountRepositorySQLImplement", "PureFood.AccountRepositorySQLImplement\PureFood.AccountRepositorySQLImplement.csproj", "{36520C74-D7A8-42F7-A2B5-C3D7D3D62381}"
EndProject
Project("{FAE04EC0-301F-11D3-BF4B-00C04F79EFBC}") = "PureFood.AccountManager.Shared", "PureFood.AccountManager.Shared\PureFood.AccountManager.Shared.csproj", "{EA3CD4CF-91B0-46AA-91FC-14CF3F6D6F49}"
EndProject
Project("{FAE04EC0-301F-11D3-BF4B-00C04F79EFBC}") = "PureFood.AccountManager", "PureFood.AccountManager\PureFood.AccountManager.csproj", "{921D5CF9-D9C7-4408-931C-DD723383778D}"
EndProject
Project("{2150E333-8FDC-42A3-9474-1A3956D46DE8}") = "02.SystemManager", "02.SystemManager", "{F6780506-D213-42F0-8067-AC01CA00C0A0}"
EndProject
Project("{2150E333-8FDC-42A3-9474-1A3956D46DE8}") = "1.Presentation Layer", "1.Presentation Layer", "{5AE2406E-8CD0-410B-A421-4B7C93995BAD}"
EndProject
Project("{2150E333-8FDC-42A3-9474-1A3956D46DE8}") = "2.Domain Layer", "2.Domain Layer", "{B9FFCB70-F41D-471D-8F31-144510D8B7C5}"
EndProject
Project("{2150E333-8FDC-42A3-9474-1A3956D46DE8}") = "3.Data Layer", "3.Data Layer", "{8A05C66B-1B86-42E5-9EB1-8B256F83203A}"
EndProject
Project("{FAE04EC0-301F-11D3-BF4B-00C04F79EFBC}") = "PureFood.SystemCommands", "PureFood.SystemCommands\PureFood.SystemCommands.csproj", "{500A25B0-A088-4EB0-83D3-38C856339513}"
EndProject
Project("{FAE04EC0-301F-11D3-BF4B-00C04F79EFBC}") = "PureFood.SystemDomains", "PureFood.SystemDomains\PureFood.SystemDomains.csproj", "{8B49925E-796C-46C5-9D16-02A8D9FC1555}"
EndProject
Project("{FAE04EC0-301F-11D3-BF4B-00C04F79EFBC}") = "PureFood.SystemReadModels", "PureFood.SystemReadModels\PureFood.SystemReadModels.csproj", "{B3D4521C-059D-4CD3-ADE0-CBA82D25F371}"
EndProject
Project("{FAE04EC0-301F-11D3-BF4B-00C04F79EFBC}") = "PureFood.SystemManager.Shared", "PureFood.SystemManager.Shared\PureFood.SystemManager.Shared.csproj", "{76101C27-6B43-411A-B129-8C85C4520360}"
EndProject
Project("{FAE04EC0-301F-11D3-BF4B-00C04F79EFBC}") = "PureFood.SystemManager", "PureFood.SystemManager\PureFood.SystemManager.csproj", "{5E3604F7-AFAB-4680-A306-C7A09A8FB7A9}"
EndProject
Project("{FAE04EC0-301F-11D3-BF4B-00C04F79EFBC}") = "PureFood.SystemRepository", "PureFood.SystemRepository\PureFood.SystemRepository.csproj", "{F3CC396D-01DB-4F53-A751-5134A4F79712}"
EndProject
Project("{FAE04EC0-301F-11D3-BF4B-00C04F79EFBC}") = "PureFood.SystemRepositorySQLImplement", "PureFood.SystemRepositorySQLImplement\PureFood.SystemRepositorySQLImplement.csproj", "{288EE64E-3BBF-4C2A-A138-3359123A34CB}"
EndProject
Project("{2150E333-8FDC-42A3-9474-1A3956D46DE8}") = "03.EmailManager", "03.EmailManager", "{A1B6A1F5-5C74-4B44-A5A6-49480A9BFDD7}"
EndProject
Project("{2150E333-8FDC-42A3-9474-1A3956D46DE8}") = "1.Presentation Layer", "1.Presentation Layer", "{296AA029-2C47-4C6D-BCDF-DD9CB11F6CFB}"
EndProject
Project("{2150E333-8FDC-42A3-9474-1A3956D46DE8}") = "2.Domain Layer", "2.Domain Layer", "{72D52EC3-6159-4754-8D4F-96F0DFC5D382}"
EndProject
Project("{2150E333-8FDC-42A3-9474-1A3956D46DE8}") = "3. Data Layer", "3. Data Layer", "{86761591-654D-4011-B0AC-39F26BFB49B5}"
EndProject
Project("{FAE04EC0-301F-11D3-BF4B-00C04F79EFBC}") = "PureFood.EmailManager", "PureFood.EmailManager\PureFood.EmailManager.csproj", "{C0856DF6-78DA-4D67-B722-8B905E5CF7C5}"
EndProject
Project("{FAE04EC0-301F-11D3-BF4B-00C04F79EFBC}") = "PureFood.EmailManager.Shared", "PureFood.EmailManager.Shared\PureFood.EmailManager.Shared.csproj", "{13B0E50E-306C-4BA7-83F3-22E28C418744}"
EndProject
Project("{FAE04EC0-301F-11D3-BF4B-00C04F79EFBC}") = "PureFood.EmailCommands", "PureFood.EmailCommands\PureFood.EmailCommands.csproj", "{1F6413F7-38DD-4828-9F30-C32208179837}"
EndProject
Project("{FAE04EC0-301F-11D3-BF4B-00C04F79EFBC}") = "PureFood.EmailDomains", "PureFood.EmailDomains\PureFood.EmailDomains.csproj", "{3A84F65E-F7E9-4A90-A357-022CE206C3B3}"
EndProject
Project("{FAE04EC0-301F-11D3-BF4B-00C04F79EFBC}") = "PureFood.EmailReadModels", "PureFood.EmailReadModels\PureFood.EmailReadModels.csproj", "{2901D60C-B9D7-4EA1-BFCC-31D157DE61FA}"
EndProject
Project("{FAE04EC0-301F-11D3-BF4B-00C04F79EFBC}") = "PureFood.EmailRepository", "PureFood.EmailRepository\PureFood.EmailRepository.csproj", "{B0406798-1DD1-46B3-8330-EFBED49B1869}"
EndProject
Project("{FAE04EC0-301F-11D3-BF4B-00C04F79EFBC}") = "PureFood.EmailRepositorySQLImplement", "PureFood.EmailRepositorySQLImplement\PureFood.EmailRepositorySQLImplement.csproj", "{0F781408-3939-41F8-8C39-3B26074A2B70}"
EndProject
Project("{2150E333-8FDC-42A3-9474-1A3956D46DE8}") = "04.ProductManager", "04.ProductManager", "{A2C752C7-2D26-4A41-9F1D-DA4D146745A2}"
EndProject
Project("{2150E333-8FDC-42A3-9474-1A3956D46DE8}") = "1.Presentation Layer", "1.Presentation Layer", "{9D618EF2-8F00-40F3-BF6F-0F52105C42F0}"
EndProject
Project("{2150E333-8FDC-42A3-9474-1A3956D46DE8}") = "2.Domain Layer", "2.Domain Layer", "{45BD3E5E-6BE5-40AE-BF4A-BF0BD3AC24EF}"
EndProject
Project("{2150E333-8FDC-42A3-9474-1A3956D46DE8}") = "3.Data Layer", "3.Data Layer", "{755C8928-1B6B-41A2-8EE8-5753C40A0200}"
EndProject
Project("{FAE04EC0-301F-11D3-BF4B-00C04F79EFBC}") = "PureFood.ProductCommands", "PureFood.ProductCommands\PureFood.ProductCommands.csproj", "{5BF2069A-F869-4742-9AF6-718E6FFE81DE}"
EndProject
Project("{FAE04EC0-301F-11D3-BF4B-00C04F79EFBC}") = "PureFood.ProductDomains", "PureFood.ProductDomains\PureFood.ProductDomains.csproj", "{7675F04B-62F3-4D4D-B193-7DA0B90C4832}"
EndProject
Project("{FAE04EC0-301F-11D3-BF4B-00C04F79EFBC}") = "PureFood.ProductReadModels", "PureFood.ProductReadModels\PureFood.ProductReadModels.csproj", "{F124CDED-AB45-481A-911C-ACF9A1AB835A}"
EndProject
Project("{FAE04EC0-301F-11D3-BF4B-00C04F79EFBC}") = "PureFood.ProductRepository", "PureFood.ProductRepository\PureFood.ProductRepository.csproj", "{81926163-D2DB-40CE-B2B6-59C1F36B43ED}"
EndProject
Project("{FAE04EC0-301F-11D3-BF4B-00C04F79EFBC}") = "PureFood.ProductRepositorySQLImplement", "PureFood.ProductRepositorySQLImplement\PureFood.ProductRepositorySQLImplement.csproj", "{D84F31EB-B536-4DB3-91DB-71679DCBB494}"
EndProject
Project("{FAE04EC0-301F-11D3-BF4B-00C04F79EFBC}") = "PureFood.ProductManager.Shared", "PureFood.ProductManager.Shared\PureFood.ProductManager.Shared.csproj", "{BA0C2267-316B-4C7D-8322-5D296B3DA7D8}"
EndProject
Project("{FAE04EC0-301F-11D3-BF4B-00C04F79EFBC}") = "PureFood.ProductManager", "PureFood.ProductManager\PureFood.ProductManager.csproj", "{D90C0BF4-9B1C-4AEB-8A6D-CDC36D042CD8}"
EndProject
Project("{2150E333-8FDC-42A3-9474-1A3956D46DE8}") = "05.CartManager", "05.CartManager", "{88C7C75F-0D81-4B8C-8064-783942D14FA8}"
EndProject
Project("{2150E333-8FDC-42A3-9474-1A3956D46DE8}") = "1.Presentation Layer", "1.Presentation Layer", "{C09DDBC5-C639-4369-B7E1-E46C7733A060}"
EndProject
Project("{2150E333-8FDC-42A3-9474-1A3956D46DE8}") = "2.Domain Layer", "2.Domain Layer", "{42F0631D-AEBF-4D7D-932E-559E2D444359}"
EndProject
Project("{2150E333-8FDC-42A3-9474-1A3956D46DE8}") = "3.Data Layer", "3.Data Layer", "{022E5D8B-C855-4073-A9B9-76A3318AB77F}"
EndProject
Project("{FAE04EC0-301F-11D3-BF4B-00C04F79EFBC}") = "PureFood.CartManager", "PureFood.CartManager\PureFood.CartManager.csproj", "{66D0BE0F-03A7-489F-BEEC-45E743DE54DA}"
EndProject
Project("{FAE04EC0-301F-11D3-BF4B-00C04F79EFBC}") = "PureFood.CartManager.Shared", "PureFood.CartManager.Shared\PureFood.CartManager.Shared.csproj", "{D5999145-D479-4405-A1A3-92E32E237BF1}"
EndProject
Global
	GlobalSection(SolutionConfigurationPlatforms) = preSolution
		Debug|Any CPU = Debug|Any CPU
		Release|Any CPU = Release|Any CPU
	EndGlobalSection
	GlobalSection(ProjectConfigurationPlatforms) = postSolution
		{66AFAFE4-84B0-41C9-B1C6-4EE854D6759D}.Debug|Any CPU.ActiveCfg = Debug|Any CPU
		{66AFAFE4-84B0-41C9-B1C6-4EE854D6759D}.Debug|Any CPU.Build.0 = Debug|Any CPU
		{66AFAFE4-84B0-41C9-B1C6-4EE854D6759D}.Release|Any CPU.ActiveCfg = Release|Any CPU
		{66AFAFE4-84B0-41C9-B1C6-4EE854D6759D}.Release|Any CPU.Build.0 = Release|Any CPU
		{DEA4FA8B-05B0-47EC-B6F6-B42B612CABA9}.Debug|Any CPU.ActiveCfg = Debug|Any CPU
		{DEA4FA8B-05B0-47EC-B6F6-B42B612CABA9}.Debug|Any CPU.Build.0 = Debug|Any CPU
		{DEA4FA8B-05B0-47EC-B6F6-B42B612CABA9}.Release|Any CPU.ActiveCfg = Release|Any CPU
		{DEA4FA8B-05B0-47EC-B6F6-B42B612CABA9}.Release|Any CPU.Build.0 = Release|Any CPU
		{F7409719-311E-47BB-A3D1-EB75C6FFA6A5}.Debug|Any CPU.ActiveCfg = Debug|Any CPU
		{F7409719-311E-47BB-A3D1-EB75C6FFA6A5}.Debug|Any CPU.Build.0 = Debug|Any CPU
		{F7409719-311E-47BB-A3D1-EB75C6FFA6A5}.Release|Any CPU.ActiveCfg = Release|Any CPU
		{F7409719-311E-47BB-A3D1-EB75C6FFA6A5}.Release|Any CPU.Build.0 = Release|Any CPU
		{A2895326-9723-44D0-9EF8-B5EDBB8A28B4}.Debug|Any CPU.ActiveCfg = Debug|Any CPU
		{A2895326-9723-44D0-9EF8-B5EDBB8A28B4}.Debug|Any CPU.Build.0 = Debug|Any CPU
		{A2895326-9723-44D0-9EF8-B5EDBB8A28B4}.Release|Any CPU.ActiveCfg = Release|Any CPU
		{A2895326-9723-44D0-9EF8-B5EDBB8A28B4}.Release|Any CPU.Build.0 = Release|Any CPU
		{CCF78FFB-9FE6-4C4D-9810-B8B66F798616}.Debug|Any CPU.ActiveCfg = Debug|Any CPU
		{CCF78FFB-9FE6-4C4D-9810-B8B66F798616}.Debug|Any CPU.Build.0 = Debug|Any CPU
		{CCF78FFB-9FE6-4C4D-9810-B8B66F798616}.Release|Any CPU.ActiveCfg = Release|Any CPU
		{CCF78FFB-9FE6-4C4D-9810-B8B66F798616}.Release|Any CPU.Build.0 = Release|Any CPU
		{8C1AFCE8-25F6-42D1-9983-0E4D3069B019}.Debug|Any CPU.ActiveCfg = Debug|Any CPU
		{8C1AFCE8-25F6-42D1-9983-0E4D3069B019}.Debug|Any CPU.Build.0 = Debug|Any CPU
		{8C1AFCE8-25F6-42D1-9983-0E4D3069B019}.Release|Any CPU.ActiveCfg = Release|Any CPU
		{8C1AFCE8-25F6-42D1-9983-0E4D3069B019}.Release|Any CPU.Build.0 = Release|Any CPU
		{AB3BAA3E-91BB-4BD7-B708-7791DEFC0441}.Debug|Any CPU.ActiveCfg = Debug|Any CPU
		{AB3BAA3E-91BB-4BD7-B708-7791DEFC0441}.Debug|Any CPU.Build.0 = Debug|Any CPU
		{AB3BAA3E-91BB-4BD7-B708-7791DEFC0441}.Release|Any CPU.ActiveCfg = Release|Any CPU
		{AB3BAA3E-91BB-4BD7-B708-7791DEFC0441}.Release|Any CPU.Build.0 = Release|Any CPU
		{B853CCC7-F287-4162-BF62-CCD47AC64B2B}.Debug|Any CPU.ActiveCfg = Debug|Any CPU
		{B853CCC7-F287-4162-BF62-CCD47AC64B2B}.Debug|Any CPU.Build.0 = Debug|Any CPU
		{B853CCC7-F287-4162-BF62-CCD47AC64B2B}.Release|Any CPU.ActiveCfg = Release|Any CPU
		{B853CCC7-F287-4162-BF62-CCD47AC64B2B}.Release|Any CPU.Build.0 = Release|Any CPU
		{0AF6DC24-3CE8-4924-B3FA-5E5593833B44}.Debug|Any CPU.ActiveCfg = Debug|Any CPU
		{0AF6DC24-3CE8-4924-B3FA-5E5593833B44}.Debug|Any CPU.Build.0 = Debug|Any CPU
		{0AF6DC24-3CE8-4924-B3FA-5E5593833B44}.Release|Any CPU.ActiveCfg = Release|Any CPU
		{0AF6DC24-3CE8-4924-B3FA-5E5593833B44}.Release|Any CPU.Build.0 = Release|Any CPU
		{921A9BD3-7090-48FD-948D-1C0DE7C5F151}.Debug|Any CPU.ActiveCfg = Debug|Any CPU
		{921A9BD3-7090-48FD-948D-1C0DE7C5F151}.Debug|Any CPU.Build.0 = Debug|Any CPU
		{921A9BD3-7090-48FD-948D-1C0DE7C5F151}.Release|Any CPU.ActiveCfg = Release|Any CPU
		{921A9BD3-7090-48FD-948D-1C0DE7C5F151}.Release|Any CPU.Build.0 = Release|Any CPU
		{490A3ECC-9F63-4994-B587-F72D49DB1320}.Debug|Any CPU.ActiveCfg = Debug|Any CPU
		{490A3ECC-9F63-4994-B587-F72D49DB1320}.Debug|Any CPU.Build.0 = Debug|Any CPU
		{490A3ECC-9F63-4994-B587-F72D49DB1320}.Release|Any CPU.ActiveCfg = Release|Any CPU
		{490A3ECC-9F63-4994-B587-F72D49DB1320}.Release|Any CPU.Build.0 = Release|Any CPU
		{01FD358B-0444-4D22-95B8-0DC56C683309}.Debug|Any CPU.ActiveCfg = Debug|Any CPU
		{01FD358B-0444-4D22-95B8-0DC56C683309}.Debug|Any CPU.Build.0 = Debug|Any CPU
		{01FD358B-0444-4D22-95B8-0DC56C683309}.Release|Any CPU.ActiveCfg = Release|Any CPU
		{01FD358B-0444-4D22-95B8-0DC56C683309}.Release|Any CPU.Build.0 = Release|Any CPU
		{B52BF6CC-CBEA-485F-8FD9-4AF960217376}.Debug|Any CPU.ActiveCfg = Debug|Any CPU
		{B52BF6CC-CBEA-485F-8FD9-4AF960217376}.Debug|Any CPU.Build.0 = Debug|Any CPU
		{B52BF6CC-CBEA-485F-8FD9-4AF960217376}.Release|Any CPU.ActiveCfg = Release|Any CPU
		{B52BF6CC-CBEA-485F-8FD9-4AF960217376}.Release|Any CPU.Build.0 = Release|Any CPU
		{EF794CF8-0287-4377-B361-1F2535C765BA}.Debug|Any CPU.ActiveCfg = Debug|Any CPU
		{EF794CF8-0287-4377-B361-1F2535C765BA}.Debug|Any CPU.Build.0 = Debug|Any CPU
		{EF794CF8-0287-4377-B361-1F2535C765BA}.Release|Any CPU.ActiveCfg = Release|Any CPU
		{EF794CF8-0287-4377-B361-1F2535C765BA}.Release|Any CPU.Build.0 = Release|Any CPU
		{57F47115-C1FA-404E-B024-1F1AB32E321B}.Debug|Any CPU.ActiveCfg = Debug|Any CPU
		{57F47115-C1FA-404E-B024-1F1AB32E321B}.Debug|Any CPU.Build.0 = Debug|Any CPU
		{57F47115-C1FA-404E-B024-1F1AB32E321B}.Release|Any CPU.ActiveCfg = Release|Any CPU
		{57F47115-C1FA-404E-B024-1F1AB32E321B}.Release|Any CPU.Build.0 = Release|Any CPU
		{8CAC04C5-CEA5-42E0-BF16-50CCB1B4ED87}.Debug|Any CPU.ActiveCfg = Debug|Any CPU
		{8CAC04C5-CEA5-42E0-BF16-50CCB1B4ED87}.Debug|Any CPU.Build.0 = Debug|Any CPU
		{8CAC04C5-CEA5-42E0-BF16-50CCB1B4ED87}.Release|Any CPU.ActiveCfg = Release|Any CPU
		{8CAC04C5-CEA5-42E0-BF16-50CCB1B4ED87}.Release|Any CPU.Build.0 = Release|Any CPU
		{C74A81CF-BE78-439A-B3B8-AE889364667C}.Debug|Any CPU.ActiveCfg = Debug|Any CPU
		{C74A81CF-BE78-439A-B3B8-AE889364667C}.Debug|Any CPU.Build.0 = Debug|Any CPU
		{C74A81CF-BE78-439A-B3B8-AE889364667C}.Release|Any CPU.ActiveCfg = Release|Any CPU
		{C74A81CF-BE78-439A-B3B8-AE889364667C}.Release|Any CPU.Build.0 = Release|Any CPU
		{AC12D7CF-E121-4CC7-A76E-42ADF27E88E1}.Debug|Any CPU.ActiveCfg = Debug|Any CPU
		{AC12D7CF-E121-4CC7-A76E-42ADF27E88E1}.Debug|Any CPU.Build.0 = Debug|Any CPU
		{AC12D7CF-E121-4CC7-A76E-42ADF27E88E1}.Release|Any CPU.ActiveCfg = Release|Any CPU
		{AC12D7CF-E121-4CC7-A76E-42ADF27E88E1}.Release|Any CPU.Build.0 = Release|Any CPU
		{368712BD-DCEB-49DB-ADDD-C96D4FB9A574}.Debug|Any CPU.ActiveCfg = Debug|Any CPU
		{368712BD-DCEB-49DB-ADDD-C96D4FB9A574}.Debug|Any CPU.Build.0 = Debug|Any CPU
		{368712BD-DCEB-49DB-ADDD-C96D4FB9A574}.Release|Any CPU.ActiveCfg = Release|Any CPU
		{368712BD-DCEB-49DB-ADDD-C96D4FB9A574}.Release|Any CPU.Build.0 = Release|Any CPU
		{DF209CB8-CE77-4D43-A0EC-15FC8E7CE6DC}.Debug|Any CPU.ActiveCfg = Debug|Any CPU
		{DF209CB8-CE77-4D43-A0EC-15FC8E7CE6DC}.Debug|Any CPU.Build.0 = Debug|Any CPU
		{DF209CB8-CE77-4D43-A0EC-15FC8E7CE6DC}.Release|Any CPU.ActiveCfg = Release|Any CPU
		{DF209CB8-CE77-4D43-A0EC-15FC8E7CE6DC}.Release|Any CPU.Build.0 = Release|Any CPU
		{3222C02E-20A1-4CEE-B06D-F560190C7C5B}.Debug|Any CPU.ActiveCfg = Debug|Any CPU
		{3222C02E-20A1-4CEE-B06D-F560190C7C5B}.Debug|Any CPU.Build.0 = Debug|Any CPU
		{3222C02E-20A1-4CEE-B06D-F560190C7C5B}.Release|Any CPU.ActiveCfg = Release|Any CPU
		{3222C02E-20A1-4CEE-B06D-F560190C7C5B}.Release|Any CPU.Build.0 = Release|Any CPU
		{854F8503-EC15-4340-A56E-4BCCFC42F90A}.Debug|Any CPU.ActiveCfg = Debug|Any CPU
		{854F8503-EC15-4340-A56E-4BCCFC42F90A}.Debug|Any CPU.Build.0 = Debug|Any CPU
		{854F8503-EC15-4340-A56E-4BCCFC42F90A}.Release|Any CPU.ActiveCfg = Release|Any CPU
		{854F8503-EC15-4340-A56E-4BCCFC42F90A}.Release|Any CPU.Build.0 = Release|Any CPU
		{8F124821-8422-4510-9FA1-E056316C85D6}.Debug|Any CPU.ActiveCfg = Debug|Any CPU
		{8F124821-8422-4510-9FA1-E056316C85D6}.Debug|Any CPU.Build.0 = Debug|Any CPU
		{8F124821-8422-4510-9FA1-E056316C85D6}.Release|Any CPU.ActiveCfg = Release|Any CPU
		{8F124821-8422-4510-9FA1-E056316C85D6}.Release|Any CPU.Build.0 = Release|Any CPU
		{85FC564A-E467-4361-9856-07C2EF639124}.Debug|Any CPU.ActiveCfg = Debug|Any CPU
		{85FC564A-E467-4361-9856-07C2EF639124}.Debug|Any CPU.Build.0 = Debug|Any CPU
		{85FC564A-E467-4361-9856-07C2EF639124}.Release|Any CPU.ActiveCfg = Release|Any CPU
		{85FC564A-E467-4361-9856-07C2EF639124}.Release|Any CPU.Build.0 = Release|Any CPU
		{A53C3ABA-4AA4-49F0-B873-B1B24D5A8DE5}.Debug|Any CPU.ActiveCfg = Debug|Any CPU
		{A53C3ABA-4AA4-49F0-B873-B1B24D5A8DE5}.Debug|Any CPU.Build.0 = Debug|Any CPU
		{A53C3ABA-4AA4-49F0-B873-B1B24D5A8DE5}.Release|Any CPU.ActiveCfg = Release|Any CPU
		{A53C3ABA-4AA4-49F0-B873-B1B24D5A8DE5}.Release|Any CPU.Build.0 = Release|Any CPU
		{3F6074CF-97B4-44DA-9B9D-378A846B611C}.Debug|Any CPU.ActiveCfg = Debug|Any CPU
		{3F6074CF-97B4-44DA-9B9D-378A846B611C}.Debug|Any CPU.Build.0 = Debug|Any CPU
		{3F6074CF-97B4-44DA-9B9D-378A846B611C}.Release|Any CPU.ActiveCfg = Release|Any CPU
		{3F6074CF-97B4-44DA-9B9D-378A846B611C}.Release|Any CPU.Build.0 = Release|Any CPU
		{A2F68E30-662B-4AE9-AC5E-632ACDDE6C12}.Debug|Any CPU.ActiveCfg = Debug|Any CPU
		{A2F68E30-662B-4AE9-AC5E-632ACDDE6C12}.Debug|Any CPU.Build.0 = Debug|Any CPU
		{A2F68E30-662B-4AE9-AC5E-632ACDDE6C12}.Release|Any CPU.ActiveCfg = Release|Any CPU
		{A2F68E30-662B-4AE9-AC5E-632ACDDE6C12}.Release|Any CPU.Build.0 = Release|Any CPU
		{29778232-DD26-49BF-A722-612180EFC87F}.Debug|Any CPU.ActiveCfg = Debug|Any CPU
		{29778232-DD26-49BF-A722-612180EFC87F}.Debug|Any CPU.Build.0 = Debug|Any CPU
		{29778232-DD26-49BF-A722-612180EFC87F}.Release|Any CPU.ActiveCfg = Release|Any CPU
		{29778232-DD26-49BF-A722-612180EFC87F}.Release|Any CPU.Build.0 = Release|Any CPU
		{4467F291-CCFD-4F56-83D9-F406B236D01F}.Debug|Any CPU.ActiveCfg = Debug|Any CPU
		{4467F291-CCFD-4F56-83D9-F406B236D01F}.Debug|Any CPU.Build.0 = Debug|Any CPU
		{4467F291-CCFD-4F56-83D9-F406B236D01F}.Release|Any CPU.ActiveCfg = Release|Any CPU
		{4467F291-CCFD-4F56-83D9-F406B236D01F}.Release|Any CPU.Build.0 = Release|Any CPU
		{0731506D-4018-4E5E-B470-B53B5E6EFF2E}.Debug|Any CPU.ActiveCfg = Debug|Any CPU
		{0731506D-4018-4E5E-B470-B53B5E6EFF2E}.Debug|Any CPU.Build.0 = Debug|Any CPU
		{0731506D-4018-4E5E-B470-B53B5E6EFF2E}.Release|Any CPU.ActiveCfg = Release|Any CPU
		{0731506D-4018-4E5E-B470-B53B5E6EFF2E}.Release|Any CPU.Build.0 = Release|Any CPU
		{ED7C151A-5944-4DFF-92CE-A786CB153B6D}.Debug|Any CPU.ActiveCfg = Debug|Any CPU
		{ED7C151A-5944-4DFF-92CE-A786CB153B6D}.Debug|Any CPU.Build.0 = Debug|Any CPU
		{ED7C151A-5944-4DFF-92CE-A786CB153B6D}.Release|Any CPU.ActiveCfg = Release|Any CPU
		{ED7C151A-5944-4DFF-92CE-A786CB153B6D}.Release|Any CPU.Build.0 = Release|Any CPU
		{36520C74-D7A8-42F7-A2B5-C3D7D3D62381}.Debug|Any CPU.ActiveCfg = Debug|Any CPU
		{36520C74-D7A8-42F7-A2B5-C3D7D3D62381}.Debug|Any CPU.Build.0 = Debug|Any CPU
		{36520C74-D7A8-42F7-A2B5-C3D7D3D62381}.Release|Any CPU.ActiveCfg = Release|Any CPU
		{36520C74-D7A8-42F7-A2B5-C3D7D3D62381}.Release|Any CPU.Build.0 = Release|Any CPU
		{EA3CD4CF-91B0-46AA-91FC-14CF3F6D6F49}.Debug|Any CPU.ActiveCfg = Debug|Any CPU
		{EA3CD4CF-91B0-46AA-91FC-14CF3F6D6F49}.Debug|Any CPU.Build.0 = Debug|Any CPU
		{EA3CD4CF-91B0-46AA-91FC-14CF3F6D6F49}.Release|Any CPU.ActiveCfg = Release|Any CPU
		{EA3CD4CF-91B0-46AA-91FC-14CF3F6D6F49}.Release|Any CPU.Build.0 = Release|Any CPU
		{921D5CF9-D9C7-4408-931C-DD723383778D}.Debug|Any CPU.ActiveCfg = Debug|Any CPU
		{921D5CF9-D9C7-4408-931C-DD723383778D}.Debug|Any CPU.Build.0 = Debug|Any CPU
		{921D5CF9-D9C7-4408-931C-DD723383778D}.Release|Any CPU.ActiveCfg = Release|Any CPU
		{921D5CF9-D9C7-4408-931C-DD723383778D}.Release|Any CPU.Build.0 = Release|Any CPU
		{500A25B0-A088-4EB0-83D3-38C856339513}.Debug|Any CPU.ActiveCfg = Debug|Any CPU
		{500A25B0-A088-4EB0-83D3-38C856339513}.Debug|Any CPU.Build.0 = Debug|Any CPU
		{500A25B0-A088-4EB0-83D3-38C856339513}.Release|Any CPU.ActiveCfg = Release|Any CPU
		{500A25B0-A088-4EB0-83D3-38C856339513}.Release|Any CPU.Build.0 = Release|Any CPU
		{8B49925E-796C-46C5-9D16-02A8D9FC1555}.Debug|Any CPU.ActiveCfg = Debug|Any CPU
		{8B49925E-796C-46C5-9D16-02A8D9FC1555}.Debug|Any CPU.Build.0 = Debug|Any CPU
		{8B49925E-796C-46C5-9D16-02A8D9FC1555}.Release|Any CPU.ActiveCfg = Release|Any CPU
		{8B49925E-796C-46C5-9D16-02A8D9FC1555}.Release|Any CPU.Build.0 = Release|Any CPU
		{B3D4521C-059D-4CD3-ADE0-CBA82D25F371}.Debug|Any CPU.ActiveCfg = Debug|Any CPU
		{B3D4521C-059D-4CD3-ADE0-CBA82D25F371}.Debug|Any CPU.Build.0 = Debug|Any CPU
		{B3D4521C-059D-4CD3-ADE0-CBA82D25F371}.Release|Any CPU.ActiveCfg = Release|Any CPU
		{B3D4521C-059D-4CD3-ADE0-CBA82D25F371}.Release|Any CPU.Build.0 = Release|Any CPU
		{76101C27-6B43-411A-B129-8C85C4520360}.Debug|Any CPU.ActiveCfg = Debug|Any CPU
		{76101C27-6B43-411A-B129-8C85C4520360}.Debug|Any CPU.Build.0 = Debug|Any CPU
		{76101C27-6B43-411A-B129-8C85C4520360}.Release|Any CPU.ActiveCfg = Release|Any CPU
		{76101C27-6B43-411A-B129-8C85C4520360}.Release|Any CPU.Build.0 = Release|Any CPU
		{5E3604F7-AFAB-4680-A306-C7A09A8FB7A9}.Debug|Any CPU.ActiveCfg = Debug|Any CPU
		{5E3604F7-AFAB-4680-A306-C7A09A8FB7A9}.Debug|Any CPU.Build.0 = Debug|Any CPU
		{5E3604F7-AFAB-4680-A306-C7A09A8FB7A9}.Release|Any CPU.ActiveCfg = Release|Any CPU
		{5E3604F7-AFAB-4680-A306-C7A09A8FB7A9}.Release|Any CPU.Build.0 = Release|Any CPU
		{F3CC396D-01DB-4F53-A751-5134A4F79712}.Debug|Any CPU.ActiveCfg = Debug|Any CPU
		{F3CC396D-01DB-4F53-A751-5134A4F79712}.Debug|Any CPU.Build.0 = Debug|Any CPU
		{F3CC396D-01DB-4F53-A751-5134A4F79712}.Release|Any CPU.ActiveCfg = Release|Any CPU
		{F3CC396D-01DB-4F53-A751-5134A4F79712}.Release|Any CPU.Build.0 = Release|Any CPU
		{288EE64E-3BBF-4C2A-A138-3359123A34CB}.Debug|Any CPU.ActiveCfg = Debug|Any CPU
		{288EE64E-3BBF-4C2A-A138-3359123A34CB}.Debug|Any CPU.Build.0 = Debug|Any CPU
		{288EE64E-3BBF-4C2A-A138-3359123A34CB}.Release|Any CPU.ActiveCfg = Release|Any CPU
		{288EE64E-3BBF-4C2A-A138-3359123A34CB}.Release|Any CPU.Build.0 = Release|Any CPU
		{C0856DF6-78DA-4D67-B722-8B905E5CF7C5}.Debug|Any CPU.ActiveCfg = Debug|Any CPU
		{C0856DF6-78DA-4D67-B722-8B905E5CF7C5}.Debug|Any CPU.Build.0 = Debug|Any CPU
		{C0856DF6-78DA-4D67-B722-8B905E5CF7C5}.Release|Any CPU.ActiveCfg = Release|Any CPU
		{C0856DF6-78DA-4D67-B722-8B905E5CF7C5}.Release|Any CPU.Build.0 = Release|Any CPU
		{13B0E50E-306C-4BA7-83F3-22E28C418744}.Debug|Any CPU.ActiveCfg = Debug|Any CPU
		{13B0E50E-306C-4BA7-83F3-22E28C418744}.Debug|Any CPU.Build.0 = Debug|Any CPU
		{13B0E50E-306C-4BA7-83F3-22E28C418744}.Release|Any CPU.ActiveCfg = Release|Any CPU
		{13B0E50E-306C-4BA7-83F3-22E28C418744}.Release|Any CPU.Build.0 = Release|Any CPU
		{1F6413F7-38DD-4828-9F30-C32208179837}.Debug|Any CPU.ActiveCfg = Debug|Any CPU
		{1F6413F7-38DD-4828-9F30-C32208179837}.Debug|Any CPU.Build.0 = Debug|Any CPU
		{1F6413F7-38DD-4828-9F30-C32208179837}.Release|Any CPU.ActiveCfg = Release|Any CPU
		{1F6413F7-38DD-4828-9F30-C32208179837}.Release|Any CPU.Build.0 = Release|Any CPU
		{3A84F65E-F7E9-4A90-A357-022CE206C3B3}.Debug|Any CPU.ActiveCfg = Debug|Any CPU
		{3A84F65E-F7E9-4A90-A357-022CE206C3B3}.Debug|Any CPU.Build.0 = Debug|Any CPU
		{3A84F65E-F7E9-4A90-A357-022CE206C3B3}.Release|Any CPU.ActiveCfg = Release|Any CPU
		{3A84F65E-F7E9-4A90-A357-022CE206C3B3}.Release|Any CPU.Build.0 = Release|Any CPU
		{2901D60C-B9D7-4EA1-BFCC-31D157DE61FA}.Debug|Any CPU.ActiveCfg = Debug|Any CPU
		{2901D60C-B9D7-4EA1-BFCC-31D157DE61FA}.Debug|Any CPU.Build.0 = Debug|Any CPU
		{2901D60C-B9D7-4EA1-BFCC-31D157DE61FA}.Release|Any CPU.ActiveCfg = Release|Any CPU
		{2901D60C-B9D7-4EA1-BFCC-31D157DE61FA}.Release|Any CPU.Build.0 = Release|Any CPU
		{B0406798-1DD1-46B3-8330-EFBED49B1869}.Debug|Any CPU.ActiveCfg = Debug|Any CPU
		{B0406798-1DD1-46B3-8330-EFBED49B1869}.Debug|Any CPU.Build.0 = Debug|Any CPU
		{B0406798-1DD1-46B3-8330-EFBED49B1869}.Release|Any CPU.ActiveCfg = Release|Any CPU
		{B0406798-1DD1-46B3-8330-EFBED49B1869}.Release|Any CPU.Build.0 = Release|Any CPU
		{0F781408-3939-41F8-8C39-3B26074A2B70}.Debug|Any CPU.ActiveCfg = Debug|Any CPU
		{0F781408-3939-41F8-8C39-3B26074A2B70}.Debug|Any CPU.Build.0 = Debug|Any CPU
		{0F781408-3939-41F8-8C39-3B26074A2B70}.Release|Any CPU.ActiveCfg = Release|Any CPU
		{0F781408-3939-41F8-8C39-3B26074A2B70}.Release|Any CPU.Build.0 = Release|Any CPU
		{5BF2069A-F869-4742-9AF6-718E6FFE81DE}.Debug|Any CPU.ActiveCfg = Debug|Any CPU
		{5BF2069A-F869-4742-9AF6-718E6FFE81DE}.Debug|Any CPU.Build.0 = Debug|Any CPU
		{5BF2069A-F869-4742-9AF6-718E6FFE81DE}.Release|Any CPU.ActiveCfg = Release|Any CPU
		{5BF2069A-F869-4742-9AF6-718E6FFE81DE}.Release|Any CPU.Build.0 = Release|Any CPU
		{7675F04B-62F3-4D4D-B193-7DA0B90C4832}.Debug|Any CPU.ActiveCfg = Debug|Any CPU
		{7675F04B-62F3-4D4D-B193-7DA0B90C4832}.Debug|Any CPU.Build.0 = Debug|Any CPU
		{7675F04B-62F3-4D4D-B193-7DA0B90C4832}.Release|Any CPU.ActiveCfg = Release|Any CPU
		{7675F04B-62F3-4D4D-B193-7DA0B90C4832}.Release|Any CPU.Build.0 = Release|Any CPU
		{F124CDED-AB45-481A-911C-ACF9A1AB835A}.Debug|Any CPU.ActiveCfg = Debug|Any CPU
		{F124CDED-AB45-481A-911C-ACF9A1AB835A}.Debug|Any CPU.Build.0 = Debug|Any CPU
		{F124CDED-AB45-481A-911C-ACF9A1AB835A}.Release|Any CPU.ActiveCfg = Release|Any CPU
		{F124CDED-AB45-481A-911C-ACF9A1AB835A}.Release|Any CPU.Build.0 = Release|Any CPU
		{81926163-D2DB-40CE-B2B6-59C1F36B43ED}.Debug|Any CPU.ActiveCfg = Debug|Any CPU
		{81926163-D2DB-40CE-B2B6-59C1F36B43ED}.Debug|Any CPU.Build.0 = Debug|Any CPU
		{81926163-D2DB-40CE-B2B6-59C1F36B43ED}.Release|Any CPU.ActiveCfg = Release|Any CPU
		{81926163-D2DB-40CE-B2B6-59C1F36B43ED}.Release|Any CPU.Build.0 = Release|Any CPU
		{D84F31EB-B536-4DB3-91DB-71679DCBB494}.Debug|Any CPU.ActiveCfg = Debug|Any CPU
		{D84F31EB-B536-4DB3-91DB-71679DCBB494}.Debug|Any CPU.Build.0 = Debug|Any CPU
		{D84F31EB-B536-4DB3-91DB-71679DCBB494}.Release|Any CPU.ActiveCfg = Release|Any CPU
		{D84F31EB-B536-4DB3-91DB-71679DCBB494}.Release|Any CPU.Build.0 = Release|Any CPU
		{BA0C2267-316B-4C7D-8322-5D296B3DA7D8}.Debug|Any CPU.ActiveCfg = Debug|Any CPU
		{BA0C2267-316B-4C7D-8322-5D296B3DA7D8}.Debug|Any CPU.Build.0 = Debug|Any CPU
		{BA0C2267-316B-4C7D-8322-5D296B3DA7D8}.Release|Any CPU.ActiveCfg = Release|Any CPU
		{BA0C2267-316B-4C7D-8322-5D296B3DA7D8}.Release|Any CPU.Build.0 = Release|Any CPU
		{D90C0BF4-9B1C-4AEB-8A6D-CDC36D042CD8}.Debug|Any CPU.ActiveCfg = Debug|Any CPU
		{D90C0BF4-9B1C-4AEB-8A6D-CDC36D042CD8}.Debug|Any CPU.Build.0 = Debug|Any CPU
		{D90C0BF4-9B1C-4AEB-8A6D-CDC36D042CD8}.Release|Any CPU.ActiveCfg = Release|Any CPU
		{D90C0BF4-9B1C-4AEB-8A6D-CDC36D042CD8}.Release|Any CPU.Build.0 = Release|Any CPU
		{66D0BE0F-03A7-489F-BEEC-45E743DE54DA}.Debug|Any CPU.ActiveCfg = Debug|Any CPU
		{66D0BE0F-03A7-489F-BEEC-45E743DE54DA}.Debug|Any CPU.Build.0 = Debug|Any CPU
		{66D0BE0F-03A7-489F-BEEC-45E743DE54DA}.Release|Any CPU.ActiveCfg = Release|Any CPU
		{66D0BE0F-03A7-489F-BEEC-45E743DE54DA}.Release|Any CPU.Build.0 = Release|Any CPU
		{D5999145-D479-4405-A1A3-92E32E237BF1}.Debug|Any CPU.ActiveCfg = Debug|Any CPU
		{D5999145-D479-4405-A1A3-92E32E237BF1}.Debug|Any CPU.Build.0 = Debug|Any CPU
		{D5999145-D479-4405-A1A3-92E32E237BF1}.Release|Any CPU.ActiveCfg = Release|Any CPU
		{D5999145-D479-4405-A1A3-92E32E237BF1}.Release|Any CPU.Build.0 = Release|Any CPU
	EndGlobalSection
	GlobalSection(SolutionProperties) = preSolution
		HideSolutionNode = FALSE
	EndGlobalSection
	GlobalSection(NestedProjects) = preSolution
		{66AFAFE4-84B0-41C9-B1C6-4EE854D6759D} = {CF0D70D7-455B-43F3-B316-3CE0FD68EA1D}
		{DEA4FA8B-05B0-47EC-B6F6-B42B612CABA9} = {CF0D70D7-455B-43F3-B316-3CE0FD68EA1D}
		{F7409719-311E-47BB-A3D1-EB75C6FFA6A5} = {CF0D70D7-455B-43F3-B316-3CE0FD68EA1D}
		{A2895326-9723-44D0-9EF8-B5EDBB8A28B4} = {CF0D70D7-455B-43F3-B316-3CE0FD68EA1D}
		{CCF78FFB-9FE6-4C4D-9810-B8B66F798616} = {CF0D70D7-455B-43F3-B316-3CE0FD68EA1D}
		{8C1AFCE8-25F6-42D1-9983-0E4D3069B019} = {CF0D70D7-455B-43F3-B316-3CE0FD68EA1D}
		{AB3BAA3E-91BB-4BD7-B708-7791DEFC0441} = {CF0D70D7-455B-43F3-B316-3CE0FD68EA1D}
		{B853CCC7-F287-4162-BF62-CCD47AC64B2B} = {CF0D70D7-455B-43F3-B316-3CE0FD68EA1D}
		{0AF6DC24-3CE8-4924-B3FA-5E5593833B44} = {CF0D70D7-455B-43F3-B316-3CE0FD68EA1D}
		{921A9BD3-7090-48FD-948D-1C0DE7C5F151} = {CF0D70D7-455B-43F3-B316-3CE0FD68EA1D}
		{490A3ECC-9F63-4994-B587-F72D49DB1320} = {CF0D70D7-455B-43F3-B316-3CE0FD68EA1D}
		{01FD358B-0444-4D22-95B8-0DC56C683309} = {CF0D70D7-455B-43F3-B316-3CE0FD68EA1D}
		{B52BF6CC-CBEA-485F-8FD9-4AF960217376} = {CF0D70D7-455B-43F3-B316-3CE0FD68EA1D}
		{EF794CF8-0287-4377-B361-1F2535C765BA} = {CF0D70D7-455B-43F3-B316-3CE0FD68EA1D}
		{57F47115-C1FA-404E-B024-1F1AB32E321B} = {CF0D70D7-455B-43F3-B316-3CE0FD68EA1D}
		{8CAC04C5-CEA5-42E0-BF16-50CCB1B4ED87} = {CF0D70D7-455B-43F3-B316-3CE0FD68EA1D}
		{C74A81CF-BE78-439A-B3B8-AE889364667C} = {CF0D70D7-455B-43F3-B316-3CE0FD68EA1D}
		{AC12D7CF-E121-4CC7-A76E-42ADF27E88E1} = {CF0D70D7-455B-43F3-B316-3CE0FD68EA1D}
		{368712BD-DCEB-49DB-ADDD-C96D4FB9A574} = {CF0D70D7-455B-43F3-B316-3CE0FD68EA1D}
		{DF209CB8-CE77-4D43-A0EC-15FC8E7CE6DC} = {CF0D70D7-455B-43F3-B316-3CE0FD68EA1D}
		{8098378A-5B49-4A19-A0AD-86DFBB98C0E5} = {CF0D70D7-455B-43F3-B316-3CE0FD68EA1D}
		{3222C02E-20A1-4CEE-B06D-F560190C7C5B} = {8098378A-5B49-4A19-A0AD-86DFBB98C0E5}
		{854F8503-EC15-4340-A56E-4BCCFC42F90A} = {8098378A-5B49-4A19-A0AD-86DFBB98C0E5}
		{8F124821-8422-4510-9FA1-E056316C85D6} = {8098378A-5B49-4A19-A0AD-86DFBB98C0E5}
		{531A943C-3CAD-4A59-96EB-88AE075A8FEB} = {27578C02-D55E-47F3-BF79-8A657F875FE3}
		{E63A74AD-2097-4E02-B508-D4C2305DBE8A} = {27578C02-D55E-47F3-BF79-8A657F875FE3}
		{65141E4A-6A1B-4738-B382-56F7A0F81D5F} = {27578C02-D55E-47F3-BF79-8A657F875FE3}
		{85FC564A-E467-4361-9856-07C2EF639124} = {E63A74AD-2097-4E02-B508-D4C2305DBE8A}
		{A53C3ABA-4AA4-49F0-B873-B1B24D5A8DE5} = {E63A74AD-2097-4E02-B508-D4C2305DBE8A}
		{3F6074CF-97B4-44DA-9B9D-378A846B611C} = {531A943C-3CAD-4A59-96EB-88AE075A8FEB}
		{A2F68E30-662B-4AE9-AC5E-632ACDDE6C12} = {65141E4A-6A1B-4738-B382-56F7A0F81D5F}
		{C2F0B2BF-10AB-4645-8547-1CE01F1E4809} = {AEF9E4E6-70F7-43A1-8EE2-EA4D093EDFA6}
		{DD0A59F6-8281-42D6-AE7D-6E19F892B752} = {C2F0B2BF-10AB-4645-8547-1CE01F1E4809}
		{B1E02AD6-63A6-4564-AB99-642CE910F101} = {C2F0B2BF-10AB-4645-8547-1CE01F1E4809}
		{99B94CE0-63A2-41D2-AF94-4E3039E82EAB} = {C2F0B2BF-10AB-4645-8547-1CE01F1E4809}
		{29778232-DD26-49BF-A722-612180EFC87F} = {B1E02AD6-63A6-4564-AB99-642CE910F101}
		{4467F291-CCFD-4F56-83D9-F406B236D01F} = {B1E02AD6-63A6-4564-AB99-642CE910F101}
		{0731506D-4018-4E5E-B470-B53B5E6EFF2E} = {B1E02AD6-63A6-4564-AB99-642CE910F101}
		{ED7C151A-5944-4DFF-92CE-A786CB153B6D} = {99B94CE0-63A2-41D2-AF94-4E3039E82EAB}
		{36520C74-D7A8-42F7-A2B5-C3D7D3D62381} = {99B94CE0-63A2-41D2-AF94-4E3039E82EAB}
		{EA3CD4CF-91B0-46AA-91FC-14CF3F6D6F49} = {DD0A59F6-8281-42D6-AE7D-6E19F892B752}
		{921D5CF9-D9C7-4408-931C-DD723383778D} = {DD0A59F6-8281-42D6-AE7D-6E19F892B752}
		{F6780506-D213-42F0-8067-AC01CA00C0A0} = {AEF9E4E6-70F7-43A1-8EE2-EA4D093EDFA6}
		{5AE2406E-8CD0-410B-A421-4B7C93995BAD} = {F6780506-D213-42F0-8067-AC01CA00C0A0}
		{B9FFCB70-F41D-471D-8F31-144510D8B7C5} = {F6780506-D213-42F0-8067-AC01CA00C0A0}
		{8A05C66B-1B86-42E5-9EB1-8B256F83203A} = {F6780506-D213-42F0-8067-AC01CA00C0A0}
		{500A25B0-A088-4EB0-83D3-38C856339513} = {B9FFCB70-F41D-471D-8F31-144510D8B7C5}
		{8B49925E-796C-46C5-9D16-02A8D9FC1555} = {B9FFCB70-F41D-471D-8F31-144510D8B7C5}
		{B3D4521C-059D-4CD3-ADE0-CBA82D25F371} = {B9FFCB70-F41D-471D-8F31-144510D8B7C5}
		{76101C27-6B43-411A-B129-8C85C4520360} = {5AE2406E-8CD0-410B-A421-4B7C93995BAD}
		{5E3604F7-AFAB-4680-A306-C7A09A8FB7A9} = {5AE2406E-8CD0-410B-A421-4B7C93995BAD}
		{F3CC396D-01DB-4F53-A751-5134A4F79712} = {8A05C66B-1B86-42E5-9EB1-8B256F83203A}
		{288EE64E-3BBF-4C2A-A138-3359123A34CB} = {8A05C66B-1B86-42E5-9EB1-8B256F83203A}
		{A1B6A1F5-5C74-4B44-A5A6-49480A9BFDD7} = {AEF9E4E6-70F7-43A1-8EE2-EA4D093EDFA6}
		{296AA029-2C47-4C6D-BCDF-DD9CB11F6CFB} = {A1B6A1F5-5C74-4B44-A5A6-49480A9BFDD7}
		{72D52EC3-6159-4754-8D4F-96F0DFC5D382} = {A1B6A1F5-5C74-4B44-A5A6-49480A9BFDD7}
		{86761591-654D-4011-B0AC-39F26BFB49B5} = {A1B6A1F5-5C74-4B44-A5A6-49480A9BFDD7}
		{C0856DF6-78DA-4D67-B722-8B905E5CF7C5} = {296AA029-2C47-4C6D-BCDF-DD9CB11F6CFB}
		{13B0E50E-306C-4BA7-83F3-22E28C418744} = {296AA029-2C47-4C6D-BCDF-DD9CB11F6CFB}
		{1F6413F7-38DD-4828-9F30-C32208179837} = {72D52EC3-6159-4754-8D4F-96F0DFC5D382}
		{3A84F65E-F7E9-4A90-A357-022CE206C3B3} = {72D52EC3-6159-4754-8D4F-96F0DFC5D382}
		{2901D60C-B9D7-4EA1-BFCC-31D157DE61FA} = {72D52EC3-6159-4754-8D4F-96F0DFC5D382}
		{B0406798-1DD1-46B3-8330-EFBED49B1869} = {86761591-654D-4011-B0AC-39F26BFB49B5}
		{0F781408-3939-41F8-8C39-3B26074A2B70} = {86761591-654D-4011-B0AC-39F26BFB49B5}
		{A2C752C7-2D26-4A41-9F1D-DA4D146745A2} = {AEF9E4E6-70F7-43A1-8EE2-EA4D093EDFA6}
		{9D618EF2-8F00-40F3-BF6F-0F52105C42F0} = {A2C752C7-2D26-4A41-9F1D-DA4D146745A2}
		{45BD3E5E-6BE5-40AE-BF4A-BF0BD3AC24EF} = {A2C752C7-2D26-4A41-9F1D-DA4D146745A2}
		{755C8928-1B6B-41A2-8EE8-5753C40A0200} = {A2C752C7-2D26-4A41-9F1D-DA4D146745A2}
		{5BF2069A-F869-4742-9AF6-718E6FFE81DE} = {45BD3E5E-6BE5-40AE-BF4A-BF0BD3AC24EF}
		{7675F04B-62F3-4D4D-B193-7DA0B90C4832} = {45BD3E5E-6BE5-40AE-BF4A-BF0BD3AC24EF}
		{F124CDED-AB45-481A-911C-ACF9A1AB835A} = {45BD3E5E-6BE5-40AE-BF4A-BF0BD3AC24EF}
		{81926163-D2DB-40CE-B2B6-59C1F36B43ED} = {755C8928-1B6B-41A2-8EE8-5753C40A0200}
		{D84F31EB-B536-4DB3-91DB-71679DCBB494} = {755C8928-1B6B-41A2-8EE8-5753C40A0200}
		{BA0C2267-316B-4C7D-8322-5D296B3DA7D8} = {9D618EF2-8F00-40F3-BF6F-0F52105C42F0}
		{D90C0BF4-9B1C-4AEB-8A6D-CDC36D042CD8} = {9D618EF2-8F00-40F3-BF6F-0F52105C42F0}
		{88C7C75F-0D81-4B8C-8064-783942D14FA8} = {AEF9E4E6-70F7-43A1-8EE2-EA4D093EDFA6}
		{C09DDBC5-C639-4369-B7E1-E46C7733A060} = {88C7C75F-0D81-4B8C-8064-783942D14FA8}
		{42F0631D-AEBF-4D7D-932E-559E2D444359} = {88C7C75F-0D81-4B8C-8064-783942D14FA8}
		{022E5D8B-C855-4073-A9B9-76A3318AB77F} = {88C7C75F-0D81-4B8C-8064-783942D14FA8}
		{66D0BE0F-03A7-489F-BEEC-45E743DE54DA} = {C09DDBC5-C639-4369-B7E1-E46C7733A060}
		{D5999145-D479-4405-A1A3-92E32E237BF1} = {C09DDBC5-C639-4369-B7E1-E46C7733A060}
	EndGlobalSection
	GlobalSection(ExtensibilityGlobals) = postSolution
		SolutionGuid = {8EDAF6E9-D8E2-4C8B-92C1-4270797C2358}
	EndGlobalSection
EndGlobal
